
Microsoft Visual Studio Solution File, Format Version 12.00
# Visual Studio Version 16
VisualStudioVersion = 16.0.31702.278
MinimumVisualStudioVersion = 10.0.40219.1
Project("{FAE04EC0-301F-11D3-BF4B-00C04F79EFBC}") = "JuegoPeliculas", "JuegoPeliculas\JuegoPeliculas.csproj", "{20A51259-9656-4B7B-AE54-C16A8F247AC8}"
EndProject
Global
	GlobalSection(SolutionConfigurationPlatforms) = preSolution
		Debug|Any CPU = Debug|Any CPU
		Release|Any CPU = Release|Any CPU
	EndGlobalSection
	GlobalSection(ProjectConfigurationPlatforms) = postSolution
		{20A51259-9656-4B7B-AE54-C16A8F247AC8}.Debug|Any CPU.ActiveCfg = Debug|Any CPU
		{20A51259-9656-4B7B-AE54-C16A8F247AC8}.Debug|Any CPU.Build.0 = Debug|Any CPU
		{20A51259-9656-4B7B-AE54-C16A8F247AC8}.Release|Any CPU.ActiveCfg = Release|Any CPU
		{20A51259-9656-4B7B-AE54-C16A8F247AC8}.Release|Any CPU.Build.0 = Release|Any CPU
	EndGlobalSection
	GlobalSection(SolutionProperties) = preSolution
		HideSolutionNode = FALSE
	EndGlobalSection
	GlobalSection(ExtensibilityGlobals) = postSolution
		SolutionGuid = {BEB62A12-F05C-4867-9F4B-5EC4217C2488}
	EndGlobalSection
EndGlobal
